
Microsoft Visual Studio Solution File, Format Version 12.00
# Visual Studio Version 16
VisualStudioVersion = 16.0.30128.74
MinimumVisualStudioVersion = 10.0.40219.1
Project("{8BC9CEB8-8B4A-11D0-8D11-00A0C91BC942}") = "Phone Store Management Program", "Phone Store Management Program.vcxproj", "{9ABC86F9-3093-47CF-9D86-7F086BF4CC6E}"
EndProject
Global
	GlobalSection(SolutionConfigurationPlatforms) = preSolution
		Debug|x64 = Debug|x64
		Debug|x86 = Debug|x86
		Release|x64 = Release|x64
		Release|x86 = Release|x86
	EndGlobalSection
	GlobalSection(ProjectConfigurationPlatforms) = postSolution
		{9ABC86F9-3093-47CF-9D86-7F086BF4CC6E}.Debug|x64.ActiveCfg = Debug|x64
		{9ABC86F9-3093-47CF-9D86-7F086BF4CC6E}.Debug|x64.Build.0 = Debug|x64
		{9ABC86F9-3093-47CF-9D86-7F086BF4CC6E}.Debug|x86.ActiveCfg = Debug|Win32
		{9ABC86F9-3093-47CF-9D86-7F086BF4CC6E}.Debug|x86.Build.0 = Debug|Win32
		{9ABC86F9-3093-47CF-9D86-7F086BF4CC6E}.Release|x64.ActiveCfg = Release|x64
		{9ABC86F9-3093-47CF-9D86-7F086BF4CC6E}.Release|x64.Build.0 = Release|x64
		{9ABC86F9-3093-47CF-9D86-7F086BF4CC6E}.Release|x86.ActiveCfg = Release|Win32
		{9ABC86F9-3093-47CF-9D86-7F086BF4CC6E}.Release|x86.Build.0 = Release|Win32
	EndGlobalSection
	GlobalSection(SolutionProperties) = preSolution
		HideSolutionNode = FALSE
	EndGlobalSection
	GlobalSection(ExtensibilityGlobals) = postSolution
		SolutionGuid = {5B317EF1-548D-4081-B2CA-944D7AA8C267}
	EndGlobalSection
EndGlobal
